PackratFormat: 1.4
PackratVersion: 0.4.6.1
RVersion: 3.2.3
Repos: =http://cran.rstudio.com

Package: BH
Source: CRAN
Version: 1.58.0-1
Hash: 4f6db3b5311bb006f536a2e67278d058

Package: DBI
Source: CRAN
Version: 0.3.1
Hash: 096699d1ac1cf530acfc646a0c90ee5d

Package: R.methodsS3
Source: CRAN
Version: 1.7.0
Hash: 18e488de0e3499493db5c7cdb7471e0c

Package: R.oo
Source: CRAN
Version: 1.19.0
Hash: b59acd11664f31a5e4fc4c8df8c9d422
Requires: R.methodsS3

Package: R.utils
Source: CRAN
Version: 2.2.0
Hash: dfc0bc71c7d72797636bfada613e0027
Requires: R.methodsS3, R.oo

Package: R6
Source: CRAN
Version: 2.1.2
Hash: c515e41c73294952cbb33ee1c1be5a2d

Package: RSQLite
Source: CRAN
Version: 1.0.0
Hash: 3df52a54766f420d257debad962146c0
Requires: DBI

Package: Rcpp
Source: CRAN
Version: 0.12.3
Hash: 11ace6a9a186c17a42e0fa2c49af1223

Package: V8
Source: CRAN
Version: 0.9
Hash: 4f4d14d7e2db2bc7f0e423c8bb378e6d
Requires: Rcpp, curl, jsonlite

Package: XML
Source: CRAN
Version: 3.98-1.3
Hash: 689166755239c3300769ca2d600381c6

Package: assertthat
Source: CRAN
Version: 0.1
Hash: 0afb92b59b02593c70ff8046700ba9d3

Package: base64enc
Source: CRAN
Version: 0.1-3
Hash: c590d29e555926af053055e23ee79efb

Package: brew
Source: CRAN
Version: 1.0-6
Hash: 931f9972deae0f205e1c78a51f33149b

Package: chron
Source: CRAN
Version: 2.3-47
Hash: d25d96d908cd21080f24c89eed4c80a0

Package: curl
Source: CRAN
Version: 0.9.4
Hash: f0845d30266233da7d910ac687a5174b

Package: data.table
Source: CRAN
Version: 1.9.6
Hash: f92ef1f73afa43bf6fd69a22f3794abd
Requires: chron

Package: devtools
Source: CRAN
Version: 1.9.1
Hash: 894e4e2f04fb749f786f15cf01181a0c
Requires: curl, digest, evaluate, git2r, httr, jsonlite, memoise,
    roxygen2, rstudioapi, rversions, whisker

Package: digest
Source: CRAN
Version: 0.6.9
Hash: fd55d5a024f160fc001a5ece1e27782d

Package: dplyr
Source: CRAN
Version: 0.4.3
Hash: 466e853fc8da049e7812a9e56b9ad70f
Requires: BH, DBI, R6, Rcpp, assertthat, lazyeval, magrittr

Package: evaluate
Source: CRAN
Version: 0.8
Hash: aac00bd789bac10970b50e3b7e0cab04
Requires: stringr

Package: foreach
Source: CRAN
Version: 1.4.3
Hash: cd53ef4cf29dc59ce3f8c5c1af735fd1
Requires: iterators

Package: gdalUtils
Source: CRAN
Version: 2.0.1.7
Hash: 598915498d88cf50d2072e2db5841189
Requires: R.utils, foreach, raster, rgdal, sp

Package: geojsonio
Source: github
Version: 0.1.5.9810
Hash: 0030f96212f6eb8cde6d76d8688a20e5
Requires: V8, httr, jsonlite, magrittr, maptools, rgdal, rgeos, sp
GithubRepo: geojsonio
GithubUsername: ropensci
GithubRef: master
GithubSha1: 389d125967903fe610d9a72dbdd74f980384c0a4

Package: git2r
Source: CRAN
Version: 0.13.1
Hash: 10b695e315f922046c7d56b9dc7150db

Package: haven
Source: CRAN
Version: 0.2.0
Hash: c29766d29f12ae71fff109c7f3c42585
Requires: BH, Rcpp

Package: htmltools
Source: CRAN
Version: 0.3
Hash: 7ccc01f4d22d73d0d9b0d2a7781e7ff6
Requires: digest

Package: httpuv
Source: CRAN
Version: 1.3.3
Hash: d440b2e539ccef77b9105051291a7628
Requires: Rcpp

Package: httr
Source: CRAN
Version: 1.0.0
Hash: 165c156aaf69073f9a1f8a4211c626d9
Requires: R6, curl, digest, jsonlite, mime, stringr

Package: iterators
Source: CRAN
Version: 1.0.8
Hash: 488b93c2a4166db0d15f1e8d882cb1d4

Package: jsonlite
Source: CRAN
Version: 0.9.19
Hash: 4a983f753b6e88ae0f5a6ac152d8cc32

Package: lazyeval
Source: CRAN
Version: 0.1.10
Hash: 9679f1ac7f6bc07bc79755f34cd15e1f

Package: leaflet
Source: github
Version: 1.1
Hash: ca9061b0e3dc25c50ef7d440f80e976d
Requires: jsonlite, shiny
GithubRepo: AccessMod_leaflet-shiny
GithubUsername: fxi
GithubRef: master
GithubSha1: 7cbf9a1c4dc6762b56622301b1587a2e2629e442

Package: magrittr
Source: CRAN
Version: 1.5
Hash: bdc4d48c3135e8f3b399536ddf160df4

Package: maps
Source: CRAN
Version: 3.0.1
Hash: 14756dbe9c815658dfaa2f4fae5d69f3

Package: maptools
Source: CRAN
Version: 0.8-37
Hash: fd35fe70bec4c6437f2f83b5549bc18b
Requires: sp

Package: memoise
Source: CRAN
Version: 0.2.1
Hash: 812e6a1dd77a0ca4da41f3239de8e447
Requires: digest

Package: mime
Source: CRAN
Version: 0.4
Hash: b08c52dae92a0a11e64a4deea032ec33

Package: openxlsx
Source: CRAN
Version: 3.0.0
Hash: dce62aa8ac31196ecfc432219c4938c3
Requires: Rcpp

Package: packrat
Source: CRAN
Version: 0.4.6-1
Hash: 29eacc43b096c5b1a82c8d54a49b030b

Package: plyr
Source: CRAN
Version: 1.8.3
Hash: e38fe93fa50135fac98421abb43bbfea
Requires: Rcpp

Package: raster
Source: CRAN
Version: 2.5-2
Hash: 7c987fa9a9f0cd92593e0855cb7b6cea
Requires: Rcpp, sp

Package: readODS
Source: CRAN
Version: 1.4
Hash: 4b1312faf6317495ddd22b60bea390dc
Requires: XML

Package: readxl
Source: CRAN
Version: 0.1.0
Hash: bcb377dc996ddef153e1b4359190fae7
Requires: Rcpp

Package: rgdal
Source: CRAN
Version: 1.1-3
Hash: d63306d3d99164d213f395a45a66d4aa
Requires: sp

Package: rgeos
Source: CRAN
Version: 0.3-15
Hash: e88ab5cdc11c0cf1249248c980446d8d
Requires: sp

Package: rgrass7
Source: CRAN
Version: 0.1-3
Hash: 3bbae180abe58fdd6119509c9be0595d
Requires: XML, sp

Package: rio
Source: CRAN
Version: 0.2
Hash: f779de083d81d00e8b2c019abc65030d
Requires: XML, curl, data.table, haven, jsonlite, openxlsx, readODS,
    readxl

Package: roxygen2
Source: CRAN
Version: 5.0.1
Hash: 39ee3aba606f089cb378c4a1cdd6d499
Requires: Rcpp, brew, digest, stringi, stringr

Package: rstudioapi
Source: CRAN
Version: 0.4.0
Hash: 1daee7a586b46f99ab9114668aa05cc7

Package: rversions
Source: CRAN
Version: 1.0.2
Hash: c006a9eaa80a091dcd87bb4003887b12
Requires: curl, xml2

Package: shiny
Source: CRAN
Version: 0.13.1
Hash: a4c82c31676563094608d7b5b6495088
Requires: R6, digest, htmltools, httpuv, jsonlite, mime, xtable

Package: shinydashboard
Source: github
Version: 0.5.1.9000
Hash: d7742a4a683b78fe32c09b885e9d9cbf
Requires: htmltools, shiny
GithubRepo: shinydashboard
GithubUsername: rstudio
GithubRef: master
GithubSha1: 78899f713753c9beb6688527c08ad7fd7811243c

Package: sp
Source: CRAN
Version: 1.2-1
Hash: ecc445b1785d42c5cb3f4d687a121bea

Package: stringi
Source: CRAN
Version: 1.0-1
Hash: cf342bc407bd5daec77ed1009d5244e1

Package: stringr
Source: CRAN
Version: 1.0.0
Hash: 2676dd5f88890910962b733b0f9540e1
Requires: magrittr, stringi

Package: whisker
Source: CRAN
Version: 0.3-2
Hash: 803d662762e532705c2c066a82d066e7

Package: xml2
Source: CRAN
Version: 0.1.2
Hash: a54770c27cbefc6c878a3dfb1c29e985
Requires: BH, Rcpp

Package: xtable
Source: CRAN
Version: 1.8-2
Hash: 7293235cfcc14cdff1ce7fd1a0212031
