PackratFormat: 1.4
PackratVersion: 0.4.6.1
RVersion: 3.2.3
Repos: =http://cran.rstudio.com

Package: BH
Source: CRAN
Version: 1.60.0-1
Hash: 889445e87a2acd4cc58440957f3b0d1a

Package: DBI
Source: github
Version: 0.3.1.9008
Hash: 476dc7b27d2fee29ba6e25038c34b0a7
GithubRepo: DBI
GithubUsername: rstats-db
GithubRef: master
GithubSha1: ca4e977e7106d5b467b49d202234b0cb7b50d26d

Package: R.methodsS3
Source: CRAN
Version: 1.7.0
Hash: 18e488de0e3499493db5c7cdb7471e0c

Package: R.oo
Source: CRAN
Version: 1.19.0
Hash: b59acd11664f31a5e4fc4c8df8c9d422
Requires: R.methodsS3

Package: R.utils
Source: CRAN
Version: 2.2.0
Hash: dfc0bc71c7d72797636bfada613e0027
Requires: R.methodsS3, R.oo

Package: R6
Source: CRAN
Version: 2.1.2
Hash: c515e41c73294952cbb33ee1c1be5a2d

Package: RSQLite
Source: CRAN
Version: 1.0.0
Hash: 3df52a54766f420d257debad962146c0
Requires: DBI

Package: Rcpp
Source: CRAN
Version: 0.12.4
Hash: 115167d29098a4fd1e572fdbef809438

Package: V8
Source: CRAN
Version: 1.0.0
Hash: 98e0c7478447be6495efa4c1b35daf1f
Requires: Rcpp, curl, jsonlite

Package: XML
Source: CRAN
Version: 3.98-1.3
Hash: 689166755239c3300769ca2d600381c6

Package: assertthat
Source: CRAN
Version: 0.1
Hash: 0afb92b59b02593c70ff8046700ba9d3

Package: base64enc
Source: CRAN
Version: 0.1-3
Hash: c590d29e555926af053055e23ee79efb

Package: brew
Source: CRAN
Version: 1.0-6
Hash: 931f9972deae0f205e1c78a51f33149b

Package: chron
Source: CRAN
Version: 2.3-47
Hash: d25d96d908cd21080f24c89eed4c80a0

Package: curl
Source: CRAN
Version: 0.9.6
Hash: 21fb53e12f47bff18a2db6ab69bd87a0

Package: data.table
Source: CRAN
Version: 1.9.6
Hash: f92ef1f73afa43bf6fd69a22f3794abd
Requires: chron

Package: devtools
Source: CRAN
Version: 1.9.1
Hash: 894e4e2f04fb749f786f15cf01181a0c
Requires: curl, digest, evaluate, git2r, httr, jsonlite, memoise,
    roxygen2, rstudioapi, rversions, whisker

Package: digest
Source: CRAN
Version: 0.6.9
Hash: fd55d5a024f160fc001a5ece1e27782d

Package: dplyr
Source: CRAN
Version: 0.4.3
Hash: 35bc70760e4bbd3f4bc05fac3bbde3c3
Requires: BH, DBI, R6, Rcpp, assertthat, lazyeval, magrittr

Package: evaluate
Source: CRAN
Version: 0.8
Hash: aac00bd789bac10970b50e3b7e0cab04
Requires: stringr

Package: foreach
Source: CRAN
Version: 1.4.3
Hash: cd53ef4cf29dc59ce3f8c5c1af735fd1
Requires: iterators

Package: gdalUtils
Source: CRAN
Version: 2.0.1.7
Hash: 598915498d88cf50d2072e2db5841189
Requires: R.utils, foreach, raster, rgdal, sp

Package: geojsonio
Source: github
Version: 0.1.6.9200
Hash: 0f333b01f90aaff34c075e7702e093e8
Requires: V8, httr, jsonlite, magrittr, maptools, rgdal, rgeos, sp
GithubRepo: geojsonio
GithubUsername: ropensci
GithubRef: master
GithubSha1: 97a0c1a3175995ae7c3c0a20d269917cdd638786

Package: git2r
Source: CRAN
Version: 0.13.1
Hash: 10b695e315f922046c7d56b9dc7150db

Package: haven
Source: CRAN
Version: 0.2.0
Hash: 5e1c0dae4149b1e32965d156057ba51d
Requires: BH, Rcpp

Package: htmltools
Source: CRAN
Version: 0.3.5
Hash: 56b2a44852ab64c3dd8ef05f725b0079
Requires: Rcpp, digest

Package: httpuv
Source: CRAN
Version: 1.3.3
Hash: 9c0fcc725400dab7f86c247bf3fc9d0f
Requires: Rcpp

Package: httr
Source: CRAN
Version: 1.1.0
Hash: 27ffb4b4dbb8ac4019126070d66910fc
Requires: R6, curl, jsonlite, mime, openssl

Package: iterators
Source: CRAN
Version: 1.0.8
Hash: 488b93c2a4166db0d15f1e8d882cb1d4

Package: jsonlite
Source: CRAN
Version: 0.9.19
Hash: 4a983f753b6e88ae0f5a6ac152d8cc32

Package: lazyeval
Source: CRAN
Version: 0.1.10
Hash: 9679f1ac7f6bc07bc79755f34cd15e1f

Package: leaflet
Source: github
Version: 1.1
Hash: ca9061b0e3dc25c50ef7d440f80e976d
Requires: jsonlite, shiny
GithubRepo: AccessMod_leaflet-shiny
GithubUsername: fxi
GithubRef: master
GithubSha1: 7cbf9a1c4dc6762b56622301b1587a2e2629e442

Package: magrittr
Source: CRAN
Version: 1.5
Hash: bdc4d48c3135e8f3b399536ddf160df4

Package: maps
Source: CRAN
Version: 3.0.1
Hash: 14756dbe9c815658dfaa2f4fae5d69f3

Package: maptools
Source: CRAN
Version: 0.8-39
Hash: f88d489894305e514eacb380f4cb2008
Requires: sp

Package: memoise
Source: CRAN
Version: 1.0.0
Hash: 56e7087c3559eb7ba72a9afb349bf896
Requires: digest

Package: mime
Source: CRAN
Version: 0.4
Hash: b08c52dae92a0a11e64a4deea032ec33

Package: openssl
Source: CRAN
Version: 0.9.2
Hash: b38a62a893b2dc8c6f67a5514c43e3b7

Package: openxlsx
Source: CRAN
Version: 3.0.0
Hash: 6d6481eac6258d28f34654dc915cf822
Requires: Rcpp

Package: packrat
Source: CRAN
Version: 0.4.6-1
Hash: 29eacc43b096c5b1a82c8d54a49b030b

Package: plyr
Source: CRAN
Version: 1.8.3
Hash: 2df5437483a9a53a2deb2afb73258847
Requires: Rcpp

Package: raster
Source: CRAN
Version: 2.5-2
Hash: ffd132353797b3b229180a736b629074
Requires: Rcpp, sp

Package: readODS
Source: CRAN
Version: 1.4
Hash: 4b1312faf6317495ddd22b60bea390dc
Requires: XML

Package: readxl
Source: CRAN
Version: 0.1.0
Hash: 2755ce6e2aff0c43bfba7a8a9f86d1d0
Requires: Rcpp

Package: rgdal
Source: CRAN
Version: 1.1-3
Hash: a122e1697ec9b16c696e4f35fb6789c8
Requires: sp

Package: rgeos
Source: CRAN
Version: 0.3-17
Hash: 8dcb3dd25d044d70a6fb19be410e7587
Requires: sp

Package: rgrass7
Source: CRAN
Version: 0.1-3
Hash: 3bbae180abe58fdd6119509c9be0595d
Requires: XML, sp

Package: rio
Source: CRAN
Version: 0.2
Hash: f779de083d81d00e8b2c019abc65030d
Requires: XML, curl, data.table, haven, jsonlite, openxlsx, readODS,
    readxl

Package: roxygen2
Source: CRAN
Version: 5.0.1
Hash: 0d13c15c5cd65dd83b58d190b54178ba
Requires: Rcpp, brew, digest, stringi, stringr

Package: rstudioapi
Source: CRAN
Version: 0.4.0
Hash: 1daee7a586b46f99ab9114668aa05cc7

Package: rversions
Source: CRAN
Version: 1.0.2
Hash: c006a9eaa80a091dcd87bb4003887b12
Requires: curl, xml2

Package: shiny
Source: github
Version: 0.13.2.9003
Hash: c179b98bcbd2bc4381c8a3a640371871
Requires: R6, digest, htmltools, httpuv, jsonlite, mime, sourcetools,
    xtable
GithubRepo: shiny
GithubUsername: rstudio
GithubRef: master
GithubSha1: 8a721fbd25ed766aa66bb176f34dd7c91671ee3f

Package: shinydashboard
Source: github
Version: 0.5.1.9000
Hash: d7742a4a683b78fe32c09b885e9d9cbf
Requires: htmltools, shiny
GithubRepo: shinydashboard
GithubUsername: rstudio
GithubRef: master
GithubSha1: 78899f713753c9beb6688527c08ad7fd7811243c

Package: sourcetools
Source: CRAN
Version: 0.1.2
Hash: 62282a43e8bc00a37e571a70e0b47006

Package: sp
Source: CRAN
Version: 1.2-2
Hash: c6844cf8ecf6db253601c7f6eceb9cc5

Package: stringi
Source: CRAN
Version: 1.0-1
Hash: cf342bc407bd5daec77ed1009d5244e1

Package: stringr
Source: CRAN
Version: 1.0.0
Hash: 2676dd5f88890910962b733b0f9540e1
Requires: magrittr, stringi

Package: whisker
Source: CRAN
Version: 0.3-2
Hash: 803d662762e532705c2c066a82d066e7

Package: xml2
Source: CRAN
Version: 0.1.2
Hash: 42203b29580acab5b696bfcf7f48c8a2
Requires: BH, Rcpp

Package: xtable
Source: CRAN
Version: 1.8-2
Hash: 7293235cfcc14cdff1ce7fd1a0212031
